
Microsoft Visual Studio Solution File, Format Version 12.00
# Visual Studio 15
VisualStudioVersion = 15.0.28010.2041
MinimumVisualStudioVersion = 10.0.40219.1
Project("{FAE04EC0-301F-11D3-BF4B-00C04F79EFBC}") = "Memberships", "Memberships\Memberships.csproj", "{EACEA8F3-1129-42A0-9E04-F0B68E5BF506}"
EndProject
Global
	GlobalSection(SolutionConfigurationPlatforms) = preSolution
		Debug|Any CPU = Debug|Any CPU
		Release|Any CPU = Release|Any CPU
	EndGlobalSection
	GlobalSection(ProjectConfigurationPlatforms) = postSolution
		{EACEA8F3-1129-42A0-9E04-F0B68E5BF506}.Debug|Any CPU.ActiveCfg = Debug|Any CPU
		{EACEA8F3-1129-42A0-9E04-F0B68E5BF506}.Debug|Any CPU.Build.0 = Debug|Any CPU
		{EACEA8F3-1129-42A0-9E04-F0B68E5BF506}.Release|Any CPU.ActiveCfg = Release|Any CPU
		{EACEA8F3-1129-42A0-9E04-F0B68E5BF506}.Release|Any CPU.Build.0 = Release|Any CPU
	EndGlobalSection
	GlobalSection(SolutionProperties) = preSolution
		HideSolutionNode = FALSE
	EndGlobalSection
	GlobalSection(ExtensibilityGlobals) = postSolution
		SolutionGuid = {33BD6B55-F00E-4066-9336-0AEB322776D7}
	EndGlobalSection
EndGlobal
